{
    "_readme": [
        "This file locks the dependencies of your project to a known state",
        "Read more about it at https://getcomposer.org/doc/01-basic-usage.md#composer-lock-the-lock-file",
        "This file is @generated automatically"
    ],
    "hash": "29d1890a4a781ad6000e89d257fa3f6d",
    "content-hash": "da5513ddf2915c3aa1c89cd89be23e11",
    "packages": [],
    "packages-dev": [],
    "aliases": [],
    "minimum-stability": "stable",
    "stability-flags": [],
    "prefer-stable": false,
    "prefer-lowest": false,
    "platform": {
        "php": "^7.1.0",
        "ext-ftp": "*",
        "ext-gd": "*",
        "ext-soap": "*",
        "ext-apcu": "*",
        "ext-mbstring": "*",
        "ext-ctype": "*",
        "ext-curl": "*",
        "ext-date": "*",
        "ext-dom": "*",
        "ext-hash": "*",
        "ext-iconv": "*",
        "ext-json": "*",
        "ext-openssl": "*",
        "ext-pdo": "*",
        "ext-pdo_mysql": "*",
        "ext-session": "*",
        "ext-simplexml": "*",
        "ext-xml": "*",
        "ext-zip": "*",
        "ext-zlib": "*"
    },
    "platform-dev": []
}
